// !$*UTF8*$!
{
	archiveVersion = 1;
	classes = {
	};
	objectVersion = 46;
	objects = {

/* Begin PBXBuildFile section */
		70E0FD9315D1481E008C69B9 /* UIKit.framework in Frameworks */ = {isa = PBXBuildFile; fileRef = 70E0FD9215D1481E008C69B9 /* UIKit.framework */; };
		70E0FD9515D1481E008C69B9 /* Foundation.framework in Frameworks */ = {isa = PBXBuildFile; fileRef = 70E0FD9415D1481E008C69B9 /* Foundation.framework */; };
		70E0FD9715D1481E008C69B9 /* CoreGraphics.framework in Frameworks */ = {isa = PBXBuildFile; fileRef = 70E0FD9615D1481E008C69B9 /* CoreGraphics.framework */; };
		70E0FD9915D1481E008C69B9 /* CoreData.framework in Frameworks */ = {isa = PBXBuildFile; fileRef = 70E0FD9815D1481E008C69B9 /* CoreData.framework */; };
		70E0FD9F15D1481E008C69B9 /* InfoPlist.strings in Resources */ = {isa = PBXBuildFile; fileRef = 70E0FD9D15D1481E008C69B9 /* InfoPlist.strings */; };
		70E0FDA115D1481E008C69B9 /* main.m in Sources */ = {isa = PBXBuildFile; fileRef = 70E0FDA015D1481E008C69B9 /* main.m */; };
		70E0FDA515D1481E008C69B9 /* SPAppDelegate.m in Sources */ = {isa = PBXBuildFile; fileRef = 70E0FDA415D1481E008C69B9 /* SPAppDelegate.m */; };
		70E0FDA815D1481E008C69B9 /* SparxPrototype.xcdatamodeld in Sources */ = {isa = PBXBuildFile; fileRef = 70E0FDA615D1481E008C69B9 /* SparxPrototype.xcdatamodeld */; };
		70E0FDB015D1481E008C69B9 /* SenTestingKit.framework in Frameworks */ = {isa = PBXBuildFile; fileRef = 70E0FDAF15D1481E008C69B9 /* SenTestingKit.framework */; };
		70E0FDB115D1481E008C69B9 /* UIKit.framework in Frameworks */ = {isa = PBXBuildFile; fileRef = 70E0FD9215D1481E008C69B9 /* UIKit.framework */; };
		70E0FDB215D1481E008C69B9 /* Foundation.framework in Frameworks */ = {isa = PBXBuildFile; fileRef = 70E0FD9415D1481E008C69B9 /* Foundation.framework */; };
		70E0FDB315D1481E008C69B9 /* CoreData.framework in Frameworks */ = {isa = PBXBuildFile; fileRef = 70E0FD9815D1481E008C69B9 /* CoreData.framework */; };
		70E0FDBB15D1481E008C69B9 /* InfoPlist.strings in Resources */ = {isa = PBXBuildFile; fileRef = 70E0FDB915D1481E008C69B9 /* InfoPlist.strings */; };
		70E0FDBE15D1481E008C69B9 /* SparxPrototypeTests.m in Sources */ = {isa = PBXBuildFile; fileRef = 70E0FDBD15D1481E008C69B9 /* SparxPrototypeTests.m */; };
		70E0FDE015D14A03008C69B9 /* FrontController.m in Sources */ = {isa = PBXBuildFile; fileRef = 70E0FDDE15D14A03008C69B9 /* FrontController.m */; };
		70E0FDE115D14A03008C69B9 /* FrontController.xib in Resources */ = {isa = PBXBuildFile; fileRef = 70E0FDDF15D14A03008C69B9 /* FrontController.xib */; };
/* End PBXBuildFile section */

/* Begin PBXContainerItemProxy section */
		70E0FDB415D1481E008C69B9 /* PBXContainerItemProxy */ = {
			isa = PBXContainerItemProxy;
			containerPortal = 70E0FD8515D1481D008C69B9 /* Project object */;
			proxyType = 1;
			remoteGlobalIDString = 70E0FD8D15D1481E008C69B9;
			remoteInfo = SparxPrototype;
		};
/* End PBXContainerItemProxy section */

/* Begin PBXFileReference section */
		70E0FD8E15D1481E008C69B9 /* SparxPrototype.app */ = {isa = PBXFileReference; explicitFileType = wrapper.application; includeInIndex = 0; path = SparxPrototype.app; sourceTree = BUILT_PRODUCTS_DIR; };
		70E0FD9215D1481E008C69B9 /* UIKit.framework */ = {isa = PBXFileReference; lastKnownFileType = wrapper.framework; name = UIKit.framework; path = System/Library/Frameworks/UIKit.framework; sourceTree = SDKROOT; };
		70E0FD9415D1481E008C69B9 /* Foundation.framework */ = {isa = PBXFileReference; lastKnownFileType = wrapper.framework; name = Foundation.framework; path = System/Library/Frameworks/Foundation.framework; sourceTree = SDKROOT; };
		70E0FD9615D1481E008C69B9 /* CoreGraphics.framework */ = {isa = PBXFileReference; lastKnownFileType = wrapper.framework; name = CoreGraphics.framework; path = System/Library/Frameworks/CoreGraphics.framework; sourceTree = SDKROOT; };
		70E0FD9815D1481E008C69B9 /* CoreData.framework */ = {isa = PBXFileReference; lastKnownFileType = wrapper.framework; name = CoreData.framework; path = System/Library/Frameworks/CoreData.framework; sourceTree = SDKROOT; };
		70E0FD9C15D1481E008C69B9 /* SparxPrototype-Info.plist */ = {isa = PBXFileReference; lastKnownFileType = text.plist.xml; path = "SparxPrototype-Info.plist"; sourceTree = "<group>"; };
		70E0FD9E15D1481E008C69B9 /* en */ = {isa = PBXFileReference; lastKnownFileType = text.plist.strings; name = en; path = en.lproj/InfoPlist.strings; sourceTree = "<group>"; };
		70E0FDA015D1481E008C69B9 /* main.m */ = {isa = PBXFileReference; lastKnownFileType = sourcecode.c.objc; path = main.m; sourceTree = "<group>"; };
		70E0FDA215D1481E008C69B9 /* SparxPrototype-Prefix.pch */ = {isa = PBXFileReference; lastKnownFileType = sourcecode.c.h; path = "SparxPrototype-Prefix.pch"; sourceTree = "<group>"; };
		70E0FDA315D1481E008C69B9 /* SPAppDelegate.h */ = {isa = PBXFileReference; lastKnownFileType = sourcecode.c.h; path = SPAppDelegate.h; sourceTree = "<group>"; };
		70E0FDA415D1481E008C69B9 /* SPAppDelegate.m */ = {isa = PBXFileReference; lastKnownFileType = sourcecode.c.objc; path = SPAppDelegate.m; sourceTree = "<group>"; };
		70E0FDA715D1481E008C69B9 /* SparxPrototype.xcdatamodel */ = {isa = PBXFileReference; lastKnownFileType = wrapper.xcdatamodel; path = SparxPrototype.xcdatamodel; sourceTree = "<group>"; };
		70E0FDAE15D1481E008C69B9 /* SparxPrototypeTests.octest */ = {isa = PBXFileReference; explicitFileType = wrapper.cfbundle; includeInIndex = 0; path = SparxPrototypeTests.octest; sourceTree = BUILT_PRODUCTS_DIR; };
		70E0FDAF15D1481E008C69B9 /* SenTestingKit.framework */ = {isa = PBXFileReference; lastKnownFileType = wrapper.framework; name = SenTestingKit.framework; path = Library/Frameworks/SenTestingKit.framework; sourceTree = DEVELOPER_DIR; };
		70E0FDB815D1481E008C69B9 /* SparxPrototypeTests-Info.plist */ = {isa = PBXFileReference; lastKnownFileType = text.plist.xml; path = "SparxPrototypeTests-Info.plist"; sourceTree = "<group>"; };
		70E0FDBA15D1481E008C69B9 /* en */ = {isa = PBXFileReference; lastKnownFileType = text.plist.strings; name = en; path = en.lproj/InfoPlist.strings; sourceTree = "<group>"; };
		70E0FDBC15D1481E008C69B9 /* SparxPrototypeTests.h */ = {isa = PBXFileReference; lastKnownFileType = sourcecode.c.h; path = SparxPrototypeTests.h; sourceTree = "<group>"; };
		70E0FDBD15D1481E008C69B9 /* SparxPrototypeTests.m */ = {isa = PBXFileReference; lastKnownFileType = sourcecode.c.objc; path = SparxPrototypeTests.m; sourceTree = "<group>"; };
		70E0FDDD15D14A03008C69B9 /* FrontController.h */ = {isa = PBXFileReference; fileEncoding = 4; lastKnownFileType = sourcecode.c.h; name = FrontController.h; path = UI/FrontController.h; sourceTree = "<group>"; };
		70E0FDDE15D14A03008C69B9 /* FrontController.m */ = {isa = PBXFileReference; fileEncoding = 4; lastKnownFileType = sourcecode.c.objc; name = FrontController.m; path = UI/FrontController.m; sourceTree = "<group>"; };
		70E0FDDF15D14A03008C69B9 /* FrontController.xib */ = {isa = PBXFileReference; fileEncoding = 4; lastKnownFileType = file.xib; name = FrontController.xib; path = UI/FrontController.xib; sourceTree = "<group>"; };
/* End PBXFileReference section */

/* Begin PBXFrameworksBuildPhase section */
		70E0FD8B15D1481E008C69B9 /* Frameworks */ = {
			isa = PBXFrameworksBuildPhase;
			buildActionMask = 2147483647;
			files = (
				70E0FD9315D1481E008C69B9 /* UIKit.framework in Frameworks */,
				70E0FD9515D1481E008C69B9 /* Foundation.framework in Frameworks */,
				70E0FD9715D1481E008C69B9 /* CoreGraphics.framework in Frameworks */,
				70E0FD9915D1481E008C69B9 /* CoreData.framework in Frameworks */,
			);
			runOnlyForDeploymentPostprocessing = 0;
		};
		70E0FDAA15D1481E008C69B9 /* Frameworks */ = {
			isa = PBXFrameworksBuildPhase;
			buildActionMask = 2147483647;
			files = (
				70E0FDB015D1481E008C69B9 /* SenTestingKit.framework in Frameworks */,
				70E0FDB115D1481E008C69B9 /* UIKit.framework in Frameworks */,
				70E0FDB215D1481E008C69B9 /* Foundation.framework in Frameworks */,
				70E0FDB315D1481E008C69B9 /* CoreData.framework in Frameworks */,
			);
			runOnlyForDeploymentPostprocessing = 0;
		};
/* End PBXFrameworksBuildPhase section */

/* Begin PBXGroup section */
		70E0FD8315D1481D008C69B9 = {
			isa = PBXGroup;
			children = (
				70E0FD9A15D1481E008C69B9 /* SparxPrototype */,
				70E0FDB615D1481E008C69B9 /* SparxPrototypeTests */,
				70E0FD9115D1481E008C69B9 /* Frameworks */,
				70E0FD8F15D1481E008C69B9 /* Products */,
			);
			sourceTree = "<group>";
		};
		70E0FD8F15D1481E008C69B9 /* Products */ = {
			isa = PBXGroup;
			children = (
				70E0FD8E15D1481E008C69B9 /* SparxPrototype.app */,
				70E0FDAE15D1481E008C69B9 /* SparxPrototypeTests.octest */,
			);
			name = Products;
			sourceTree = "<group>";
		};
		70E0FD9115D1481E008C69B9 /* Frameworks */ = {
			isa = PBXGroup;
			children = (
				70E0FD9215D1481E008C69B9 /* UIKit.framework */,
				70E0FD9415D1481E008C69B9 /* Foundation.framework */,
				70E0FD9615D1481E008C69B9 /* CoreGraphics.framework */,
				70E0FD9815D1481E008C69B9 /* CoreData.framework */,
				70E0FDAF15D1481E008C69B9 /* SenTestingKit.framework */,
			);
			name = Frameworks;
			sourceTree = "<group>";
		};
		70E0FD9A15D1481E008C69B9 /* SparxPrototype */ = {
			isa = PBXGroup;
			children = (
				70E0FDA315D1481E008C69B9 /* SPAppDelegate.h */,
				70E0FDA415D1481E008C69B9 /* SPAppDelegate.m */,
				70E0FDA615D1481E008C69B9 /* SparxPrototype.xcdatamodeld */,
				70E0FD9B15D1481E008C69B9 /* Supporting Files */,
				70E0FDDD15D14A03008C69B9 /* FrontController.h */,
				70E0FDDE15D14A03008C69B9 /* FrontController.m */,
				70E0FDDF15D14A03008C69B9 /* FrontController.xib */,
			);
			path = SparxPrototype;
			sourceTree = "<group>";
		};
		70E0FD9B15D1481E008C69B9 /* Supporting Files */ = {
			isa = PBXGroup;
			children = (
				70E0FD9C15D1481E008C69B9 /* SparxPrototype-Info.plist */,
				70E0FD9D15D1481E008C69B9 /* InfoPlist.strings */,
				70E0FDA015D1481E008C69B9 /* main.m */,
				70E0FDA215D1481E008C69B9 /* SparxPrototype-Prefix.pch */,
			);
			name = "Supporting Files";
			sourceTree = "<group>";
		};
		70E0FDB615D1481E008C69B9 /* SparxPrototypeTests */ = {
			isa = PBXGroup;
			children = (
				70E0FDBC15D1481E008C69B9 /* SparxPrototypeTests.h */,
				70E0FDBD15D1481E008C69B9 /* SparxPrototypeTests.m */,
				70E0FDB715D1481E008C69B9 /* Supporting Files */,
			);
			path = SparxPrototypeTests;
			sourceTree = "<group>";
		};
		70E0FDB715D1481E008C69B9 /* Supporting Files */ = {
			isa = PBXGroup;
			children = (
				70E0FDB815D1481E008C69B9 /* SparxPrototypeTests-Info.plist */,
				70E0FDB915D1481E008C69B9 /* InfoPlist.strings */,
			);
			name = "Supporting Files";
			sourceTree = "<group>";
		};
/* End PBXGroup section */

/* Begin PBXNativeTarget section */
		70E0FD8D15D1481E008C69B9 /* SparxPrototype */ = {
			isa = PBXNativeTarget;
			buildConfigurationList = 70E0FDC115D1481E008C69B9 /* Build configuration list for PBXNativeTarget "SparxPrototype" */;
			buildPhases = (
				70E0FD8A15D1481E008C69B9 /* Sources */,
				70E0FD8B15D1481E008C69B9 /* Frameworks */,
				70E0FD8C15D1481E008C69B9 /* Resources */,
			);
			buildRules = (
			);
			dependencies = (
			);
			name = SparxPrototype;
			productName = SparxPrototype;
			productReference = 70E0FD8E15D1481E008C69B9 /* SparxPrototype.app */;
			productType = "com.apple.product-type.application";
		};
		70E0FDAD15D1481E008C69B9 /* SparxPrototypeTests */ = {
			isa = PBXNativeTarget;
			buildConfigurationList = 70E0FDC415D1481E008C69B9 /* Build configuration list for PBXNativeTarget "SparxPrototypeTests" */;
			buildPhases = (
				70E0FDA915D1481E008C69B9 /* Sources */,
				70E0FDAA15D1481E008C69B9 /* Frameworks */,
				70E0FDAB15D1481E008C69B9 /* Resources */,
				70E0FDAC15D1481E008C69B9 /* ShellScript */,
			);
			buildRules = (
			);
			dependencies = (
				70E0FDB515D1481E008C69B9 /* PBXTargetDependency */,
			);
			name = SparxPrototypeTests;
			productName = SparxPrototypeTests;
			productReference = 70E0FDAE15D1481E008C69B9 /* SparxPrototypeTests.octest */;
			productType = "com.apple.product-type.bundle";
		};
/* End PBXNativeTarget section */

/* Begin PBXProject section */
		70E0FD8515D1481D008C69B9 /* Project object */ = {
			isa = PBXProject;
			attributes = {
				LastUpgradeCheck = 0420;
			};
			buildConfigurationList = 70E0FD8815D1481D008C69B9 /* Build configuration list for PBXProject "SparxPrototype" */;
			compatibilityVersion = "Xcode 3.2";
			developmentRegion = English;
			hasScannedForEncodings = 0;
			knownRegions = (
				en,
			);
			mainGroup = 70E0FD8315D1481D008C69B9;
			productRefGroup = 70E0FD8F15D1481E008C69B9 /* Products */;
			projectDirPath = "";
			projectRoot = "";
			targets = (
				70E0FD8D15D1481E008C69B9 /* SparxPrototype */,
				70E0FDAD15D1481E008C69B9 /* SparxPrototypeTests */,
			);
		};
/* End PBXProject section */

/* Begin PBXResourcesBuildPhase section */
		70E0FD8C15D1481E008C69B9 /* Resources */ = {
			isa = PBXResourcesBuildPhase;
			buildActionMask = 2147483647;
			files = (
				70E0FD9F15D1481E008C69B9 /* InfoPlist.strings in Resources */,
				70E0FDE115D14A03008C69B9 /* FrontController.xib in Resources */,
			);
			runOnlyForDeploymentPostprocessing = 0;
		};
		70E0FDAB15D1481E008C69B9 /* Resources */ = {
			isa = PBXResourcesBuildPhase;
			buildActionMask = 2147483647;
			files = (
				70E0FDBB15D1481E008C69B9 /* InfoPlist.strings in Resources */,
			);
			runOnlyForDeploymentPostprocessing = 0;
		};
/* End PBXResourcesBuildPhase section */

/* Begin PBXShellScriptBuildPhase section */
		70E0FDAC15D1481E008C69B9 /* ShellScript */ = {
			isa = PBXShellScriptBuildPhase;
			buildActionMask = 2147483647;
			files = (
			);
			inputPaths = (
			);
			outputPaths = (
			);
			runOnlyForDeploymentPostprocessing = 0;
			shellPath = /bin/sh;
			shellScript = "# Run the unit tests in this test bundle.\n\"${SYSTEM_DEVELOPER_DIR}/Tools/RunUnitTests\"\n";
		};
/* End PBXShellScriptBuildPhase section */

/* Begin PBXSourcesBuildPhase section */
		70E0FD8A15D1481E008C69B9 /* Sources */ = {
			isa = PBXSourcesBuildPhase;
			buildActionMask = 2147483647;
			files = (
				70E0FDA115D1481E008C69B9 /* main.m in Sources */,
				70E0FDA515D1481E008C69B9 /* SPAppDelegate.m in Sources */,
				70E0FDA815D1481E008C69B9 /* SparxPrototype.xcdatamodeld in Sources */,
				70E0FDE015D14A03008C69B9 /* FrontController.m in Sources */,
			);
			runOnlyForDeploymentPostprocessing = 0;
		};
		70E0FDA915D1481E008C69B9 /* Sources */ = {
			isa = PBXSourcesBuildPhase;
			buildActionMask = 2147483647;
			files = (
				70E0FDBE15D1481E008C69B9 /* SparxPrototypeTests.m in Sources */,
			);
			runOnlyForDeploymentPostprocessing = 0;
		};
/* End PBXSourcesBuildPhase section */

/* Begin PBXTargetDependency section */
		70E0FDB515D1481E008C69B9 /* PBXTargetDependency */ = {
			isa = PBXTargetDependency;
			target = 70E0FD8D15D1481E008C69B9 /* SparxPrototype */;
			targetProxy = 70E0FDB415D1481E008C69B9 /* PBXContainerItemProxy */;
		};
/* End PBXTargetDependency section */

/* Begin PBXVariantGroup section */
		70E0FD9D15D1481E008C69B9 /* InfoPlist.strings */ = {
			isa = PBXVariantGroup;
			children = (
				70E0FD9E15D1481E008C69B9 /* en */,
			);
			name = InfoPlist.strings;
			sourceTree = "<group>";
		};
		70E0FDB915D1481E008C69B9 /* InfoPlist.strings */ = {
			isa = PBXVariantGroup;
			children = (
				70E0FDBA15D1481E008C69B9 /* en */,
			);
			name = InfoPlist.strings;
			sourceTree = "<group>";
		};
/* End PBXVariantGroup section */

/* Begin XCBuildConfiguration section */
		70E0FDBF15D1481E008C69B9 /* Debug */ = {
			isa = XCBuildConfiguration;
			buildSettings = {
				ALWAYS_SEARCH_USER_PATHS = NO;
				ARCHS = "$(ARCHS_STANDARD_32_BIT)";
				CLANG_ENABLE_OBJC_ARC = YES;
				"CODE_SIGN_IDENTITY[sdk=iphoneos*]" = "iPhone Developer";
				COPY_PHASE_STRIP = NO;
				GCC_C_LANGUAGE_STANDARD = gnu99;
				GCC_DYNAMIC_NO_PIC = NO;
				GCC_OPTIMIZATION_LEVEL = 0;
				GCC_PREPROCESSOR_DEFINITIONS = (
					"DEBUG=1",
					"$(inherited)",
				);
				GCC_SYMBOLS_PRIVATE_EXTERN = NO;
				GCC_VERSION = com.apple.compilers.llvm.clang.1_0;
				GCC_WARN_ABOUT_MISSING_PROTOTYPES = YES;
				GCC_WARN_ABOUT_RETURN_TYPE = YES;
				GCC_WARN_UNUSED_VARIABLE = YES;
				IPHONEOS_DEPLOYMENT_TARGET = 5.0;
				SDKROOT = iphoneos;
				USER_HEADER_SEARCH_PATHS = "../**";
			};
			name = Debug;
		};
		70E0FDC015D1481E008C69B9 /* Release */ = {
			isa = XCBuildConfiguration;
			buildSettings = {
				ALWAYS_SEARCH_USER_PATHS = NO;
				ARCHS = "$(ARCHS_STANDARD_32_BIT)";
				CLANG_ENABLE_OBJC_ARC = YES;
				"CODE_SIGN_IDENTITY[sdk=iphoneos*]" = "iPhone Developer";
				COPY_PHASE_STRIP = YES;
				GCC_C_LANGUAGE_STANDARD = gnu99;
				GCC_VERSION = com.apple.compilers.llvm.clang.1_0;
				GCC_WARN_ABOUT_MISSING_PROTOTYPES = YES;
				GCC_WARN_ABOUT_RETURN_TYPE = YES;
				GCC_WARN_UNUSED_VARIABLE = YES;
				IPHONEOS_DEPLOYMENT_TARGET = 5.0;
				OTHER_CFLAGS = "-DNS_BLOCK_ASSERTIONS=1";
				SDKROOT = iphoneos;
				USER_HEADER_SEARCH_PATHS = "../**";
				VALIDATE_PRODUCT = YES;
			};
			name = Release;
		};
		70E0FDC215D1481E008C69B9 /* Debug */ = {
			isa = XCBuildConfiguration;
			buildSettings = {
				GCC_PRECOMPILE_PREFIX_HEADER = YES;
				GCC_PREFIX_HEADER = "SparxPrototype/SparxPrototype-Prefix.pch";
				HEADER_SEARCH_PATHS = ../ObjQREncoder/src/Classes/;
				INFOPLIST_FILE = "SparxPrototype/SparxPrototype-Info.plist";
				PRODUCT_NAME = "$(TARGET_NAME)";
				USER_HEADER_SEARCH_PATHS = "";
				WRAPPER_EXTENSION = app;
			};
			name = Debug;
		};
		70E0FDC315D1481E008C69B9 /* Release */ = {
			isa = XCBuildConfiguration;
			buildSettings = {
				GCC_PRECOMPILE_PREFIX_HEADER = YES;
				GCC_PREFIX_HEADER = "SparxPrototype/SparxPrototype-Prefix.pch";
				HEADER_SEARCH_PATHS = ../ObjQREncoder/src/Classes/;
				INFOPLIST_FILE = "SparxPrototype/SparxPrototype-Info.plist";
				PRODUCT_NAME = "$(TARGET_NAME)";
				USER_HEADER_SEARCH_PATHS = "";
				WRAPPER_EXTENSION = app;
			};
			name = Release;
		};
		70E0FDC515D1481E008C69B9 /* Debug */ = {
			isa = XCBuildConfiguration;
			buildSettings = {
				BUNDLE_LOADER = "$(BUILT_PRODUCTS_DIR)/SparxPrototype.app/SparxPrototype";
				FRAMEWORK_SEARCH_PATHS = (
					"$(SDKROOT)/Developer/Library/Frameworks",
					"$(DEVELOPER_LIBRARY_DIR)/Frameworks",
				);
				GCC_PRECOMPILE_PREFIX_HEADER = YES;
				GCC_PREFIX_HEADER = "SparxPrototype/SparxPrototype-Prefix.pch";
				INFOPLIST_FILE = "SparxPrototypeTests/SparxPrototypeTests-Info.plist";
				PRODUCT_NAME = "$(TARGET_NAME)";
				TEST_HOST = "$(BUNDLE_LOADER)";
				WRAPPER_EXTENSION = octest;
			};
			name = Debug;
		};
		70E0FDC615D1481E008C69B9 /* Release */ = {
			isa = XCBuildConfiguration;
			buildSettings = {
				BUNDLE_LOADER = "$(BUILT_PRODUCTS_DIR)/SparxPrototype.app/SparxPrototype";
				FRAMEWORK_SEARCH_PATHS = (
					"$(SDKROOT)/Developer/Library/Frameworks",
					"$(DEVELOPER_LIBRARY_DIR)/Frameworks",
				);
				GCC_PRECOMPILE_PREFIX_HEADER = YES;
				GCC_PREFIX_HEADER = "SparxPrototype/SparxPrototype-Prefix.pch";
				INFOPLIST_FILE = "SparxPrototypeTests/SparxPrototypeTests-Info.plist";
				PRODUCT_NAME = "$(TARGET_NAME)";
				TEST_HOST = "$(BUNDLE_LOADER)";
				WRAPPER_EXTENSION = octest;
			};
			name = Release;
		};
/* End XCBuildConfiguration section */

/* Begin XCConfigurationList section */
		70E0FD8815D1481D008C69B9 /* Build configuration list for PBXProject "SparxPrototype" */ = {
			isa = XCConfigurationList;
			buildConfigurations = (
				70E0FDBF15D1481E008C69B9 /* Debug */,
				70E0FDC015D1481E008C69B9 /* Release */,
			);
			defaultConfigurationIsVisible = 0;
			defaultConfigurationName = Release;
		};
		70E0FDC115D1481E008C69B9 /* Build configuration list for PBXNativeTarget "SparxPrototype" */ = {
			isa = XCConfigurationList;
			buildConfigurations = (
				70E0FDC215D1481E008C69B9 /* Debug */,
				70E0FDC315D1481E008C69B9 /* Release */,
			);
			defaultConfigurationIsVisible = 0;
			defaultConfigurationName = Release;
		};
		70E0FDC415D1481E008C69B9 /* Build configuration list for PBXNativeTarget "SparxPrototypeTests" */ = {
			isa = XCConfigurationList;
			buildConfigurations = (
				70E0FDC515D1481E008C69B9 /* Debug */,
				70E0FDC615D1481E008C69B9 /* Release */,
			);
			defaultConfigurationIsVisible = 0;
			defaultConfigurationName = Release;
		};
/* End XCConfigurationList section */

/* Begin XCVersionGroup section */
		70E0FDA615D1481E008C69B9 /* SparxPrototype.xcdatamodeld */ = {
			isa = XCVersionGroup;
			children = (
				70E0FDA715D1481E008C69B9 /* SparxPrototype.xcdatamodel */,
			);
			currentVersion = 70E0FDA715D1481E008C69B9 /* SparxPrototype.xcdatamodel */;
			path = SparxPrototype.xcdatamodeld;
			sourceTree = "<group>";
			versionGroupType = wrapper.xcdatamodel;
		};
/* End XCVersionGroup section */
	};
	rootObject = 70E0FD8515D1481D008C69B9 /* Project object */;
}
